
Microsoft Visual Studio Solution File, Format Version 12.00
# Visual Studio Version 17
VisualStudioVersion = 17.9.34728.123
MinimumVisualStudioVersion = 10.0.40219.1
Project("{FAE04EC0-301F-11D3-BF4B-00C04F79EFBC}") = "project-rabbitmq-reciever", "project-rabbitmq-reciever\project-rabbitmq-reciever.csproj", "{2D224B75-EE98-4E54-B1C6-966DCB45E07C}"
EndProject
Global
	GlobalSection(SolutionConfigurationPlatforms) = preSolution
		Debug|Any CPU = Debug|Any CPU
		Release|Any CPU = Release|Any CPU
	EndGlobalSection
	GlobalSection(ProjectConfigurationPlatforms) = postSolution
		{2D224B75-EE98-4E54-B1C6-966DCB45E07C}.Debug|Any CPU.ActiveCfg = Debug|Any CPU
		{2D224B75-EE98-4E54-B1C6-966DCB45E07C}.Debug|Any CPU.Build.0 = Debug|Any CPU
		{2D224B75-EE98-4E54-B1C6-966DCB45E07C}.Release|Any CPU.ActiveCfg = Release|Any CPU
		{2D224B75-EE98-4E54-B1C6-966DCB45E07C}.Release|Any CPU.Build.0 = Release|Any CPU
	EndGlobalSection
	GlobalSection(SolutionProperties) = preSolution
		HideSolutionNode = FALSE
	EndGlobalSection
	GlobalSection(ExtensibilityGlobals) = postSolution
		SolutionGuid = {1C09ACF2-4E33-4C37-8292-B85DE40BB574}
	EndGlobalSection
EndGlobal
